
Microsoft Visual Studio Solution File, Format Version 12.00
# Visual Studio 14
VisualStudioVersion = 14.0.25420.1
MinimumVisualStudioVersion = 10.0.40219.1
Project("{FAE04EC0-301F-11D3-BF4B-00C04F79EFBC}") = "NBC.Lib", "NBC.Lib\NBC.Lib.csproj", "{5523E695-EE58-4025-991D-819B54FD8929}"
EndProject
Project("{FAE04EC0-301F-11D3-BF4B-00C04F79EFBC}") = "NBC", "NBC\NBC.csproj", "{1B9C00EB-4476-4412-B904-9FA7C78F9EA6}"
EndProject
Project("{FAE04EC0-301F-11D3-BF4B-00C04F79EFBC}") = "NBC.Lib.Tests", "NBC.Lib.Tests\NBC.Lib.Tests.csproj", "{35E048E6-6953-4D54-B813-B86A46E3573F}"
EndProject
Project("{2150E333-8FDC-42A3-9474-1A3956D46DE8}") = "Common", "Common", "{8F2F8656-980A-43D9-A99F-7AA8CDD29ABE}"
EndProject
Project("{FAE04EC0-301F-11D3-BF4B-00C04F79EFBC}") = "MK.Logging", "Common\MK.Logging\MK.Logging.csproj", "{865745F2-B7B2-4940-B99D-7239757FF8D2}"
EndProject
Global
	GlobalSection(SolutionConfigurationPlatforms) = preSolution
		Debug|Any CPU = Debug|Any CPU
		Release|Any CPU = Release|Any CPU
	EndGlobalSection
	GlobalSection(ProjectConfigurationPlatforms) = postSolution
		{5523E695-EE58-4025-991D-819B54FD8929}.Debug|Any CPU.ActiveCfg = Debug|Any CPU
		{5523E695-EE58-4025-991D-819B54FD8929}.Debug|Any CPU.Build.0 = Debug|Any CPU
		{5523E695-EE58-4025-991D-819B54FD8929}.Release|Any CPU.ActiveCfg = Release|Any CPU
		{5523E695-EE58-4025-991D-819B54FD8929}.Release|Any CPU.Build.0 = Release|Any CPU
		{1B9C00EB-4476-4412-B904-9FA7C78F9EA6}.Debug|Any CPU.ActiveCfg = Debug|Any CPU
		{1B9C00EB-4476-4412-B904-9FA7C78F9EA6}.Debug|Any CPU.Build.0 = Debug|Any CPU
		{1B9C00EB-4476-4412-B904-9FA7C78F9EA6}.Release|Any CPU.ActiveCfg = Release|Any CPU
		{1B9C00EB-4476-4412-B904-9FA7C78F9EA6}.Release|Any CPU.Build.0 = Release|Any CPU
		{35E048E6-6953-4D54-B813-B86A46E3573F}.Debug|Any CPU.ActiveCfg = Debug|Any CPU
		{35E048E6-6953-4D54-B813-B86A46E3573F}.Debug|Any CPU.Build.0 = Debug|Any CPU
		{35E048E6-6953-4D54-B813-B86A46E3573F}.Release|Any CPU.ActiveCfg = Release|Any CPU
		{35E048E6-6953-4D54-B813-B86A46E3573F}.Release|Any CPU.Build.0 = Release|Any CPU
		{865745F2-B7B2-4940-B99D-7239757FF8D2}.Debug|Any CPU.ActiveCfg = Debug|Any CPU
		{865745F2-B7B2-4940-B99D-7239757FF8D2}.Debug|Any CPU.Build.0 = Debug|Any CPU
		{865745F2-B7B2-4940-B99D-7239757FF8D2}.Release|Any CPU.ActiveCfg = Release|Any CPU
		{865745F2-B7B2-4940-B99D-7239757FF8D2}.Release|Any CPU.Build.0 = Release|Any CPU
	EndGlobalSection
	GlobalSection(SolutionProperties) = preSolution
		HideSolutionNode = FALSE
	EndGlobalSection
	GlobalSection(NestedProjects) = preSolution
		{865745F2-B7B2-4940-B99D-7239757FF8D2} = {8F2F8656-980A-43D9-A99F-7AA8CDD29ABE}
	EndGlobalSection
EndGlobal
